{
  "name": "frontend",
  "version": "0.1.0",
  "lockfileVersion": 3,
  "requires": true,
  "packages": {
    "": {
      "dependencies": {
        "izaks-photos": "file:.."
      }
    },
    "..": {
      "name": "izaks-photos",
      "version": "0.1.0",
      "engines": {
        "node": ">=20",
        "python": ">=3.11"
      }
    },
    "node_modules/izaks-photos": {
      "resolved": "..",
      "link": true
    }
  }
}
